
Microsoft Visual Studio Solution File, Format Version 12.00
# Visual Studio 15
VisualStudioVersion = 15.0.27703.2026
MinimumVisualStudioVersion = 10.0.40219.1
Project("{FAE04EC0-301F-11D3-BF4B-00C04F79EFBC}") = "AspNetCoreMultitenant.Web", "AspNetCoreMultitenant.Web\AspNetCoreMultitenant.Web.csproj", "{AF6B2C2A-A586-4987-850D-D34D9C447531}"
EndProject
Global
	GlobalSection(SolutionConfigurationPlatforms) = preSolution
		Debug|Any CPU = Debug|Any CPU
		Release|Any CPU = Release|Any CPU
	EndGlobalSection
	GlobalSection(ProjectConfigurationPlatforms) = postSolution
		{AF6B2C2A-A586-4987-850D-D34D9C447531}.Debug|Any CPU.ActiveCfg = Debug|Any CPU
		{AF6B2C2A-A586-4987-850D-D34D9C447531}.Debug|Any CPU.Build.0 = Debug|Any CPU
		{AF6B2C2A-A586-4987-850D-D34D9C447531}.Release|Any CPU.ActiveCfg = Release|Any CPU
		{AF6B2C2A-A586-4987-850D-D34D9C447531}.Release|Any CPU.Build.0 = Release|Any CPU
	EndGlobalSection
	GlobalSection(SolutionProperties) = preSolution
		HideSolutionNode = FALSE
	EndGlobalSection
	GlobalSection(ExtensibilityGlobals) = postSolution
		SolutionGuid = {D2C16CFE-10C6-44D0-B77B-DB482A8A6B98}
	EndGlobalSection
EndGlobal
